
Microsoft Visual Studio Solution File, Format Version 12.00
# Visual Studio Version 17
VisualStudioVersion = 17.10.35004.147
MinimumVisualStudioVersion = 10.0.40219.1
Project("{FAE04EC0-301F-11D3-BF4B-00C04F79EFBC}") = "BTH2", "BTH2\BTH2.csproj", "{378BB9CE-3D27-4784-BD82-708FE5510620}"
EndProject
Global
	GlobalSection(SolutionConfigurationPlatforms) = preSolution
		Debug|Any CPU = Debug|Any CPU
		Release|Any CPU = Release|Any CPU
	EndGlobalSection
	GlobalSection(ProjectConfigurationPlatforms) = postSolution
		{378BB9CE-3D27-4784-BD82-708FE5510620}.Debug|Any CPU.ActiveCfg = Debug|Any CPU
		{378BB9CE-3D27-4784-BD82-708FE5510620}.Debug|Any CPU.Build.0 = Debug|Any CPU
		{378BB9CE-3D27-4784-BD82-708FE5510620}.Release|Any CPU.ActiveCfg = Release|Any CPU
		{378BB9CE-3D27-4784-BD82-708FE5510620}.Release|Any CPU.Build.0 = Release|Any CPU
	EndGlobalSection
	GlobalSection(SolutionProperties) = preSolution
		HideSolutionNode = FALSE
	EndGlobalSection
	GlobalSection(ExtensibilityGlobals) = postSolution
		SolutionGuid = {A85FB6FF-ED4E-4C47-B5D7-26D6B6AA02BB}
	EndGlobalSection
EndGlobal
